dataset_creator:
  cmd: python3 studentpredictor/create_dataset.py
  deps:
  - path: studentpredictor/create_dataset.py
    md5: b986e9f02021056546527eb77dd3c2fa
  outs:
  - path: assets/data
    md5: 6ca07cc8d187d6108094e0c34628f3b7.dir
feature_creator:
  cmd: python3 studentpredictor/create_features.py
  deps:
  - path: assets/data
    md5: 6ca07cc8d187d6108094e0c34628f3b7.dir
  - path: studentpredictor/create_features.py
    md5: 2c8e746516a463ad2a0e1901b1ba6886
  outs:
  - path: assets/features
    md5: d7717cb125db7402b1ef9fbb89d8436c.dir
model_trainer:
  cmd: python3 studentpredictor/train_model.py
  deps:
  - path: assets/features
    md5: d7717cb125db7402b1ef9fbb89d8436c.dir
  - path: studentpredictor/train_model.py
    md5: 28caa06b872ce20ad65914f5d5ae73c9
  outs:
  - path: assets/models
    md5: f84cdf0a9bb1bbda82cccec6e7b80db0.dir
evaluator:
  cmd: python3 studentpredictor/evaluate_model.py
  deps:
  - path: assets/features
    md5: d7717cb125db7402b1ef9fbb89d8436c.dir
  - path: assets/models
    md5: f84cdf0a9bb1bbda82cccec6e7b80db0.dir
  - path: studentpredictor/evaluate_model.py
    md5: 182cf85ed303ea1ca906a7dfeb3b24ec
  outs:
  - path: assets/metrics.json
    md5: 4e97f8be3f0a6c99b88b21cdbe4a778d
